{
  "version": 4,
  "terraform_version": "1.5.1",
  "serial": 7,
  "lineage": "e6f7a75b-dca0-70c5-901f-f490e291da5b",
  "outputs": {},
  "resources": [
    {
      "module": "module.gke_cluster",
      "mode": "managed",
      "type": "google_container_cluster",
      "name": "this",
      "provider": "module.gke_cluster.provider[\"registry.terraform.io/hashicorp/google\"]",
      "instances": [
        {
          "schema_version": 1,
          "attributes": {
            "addons_config": [
              {
                "cloudrun_config": [],
                "config_connector_config": [],
                "dns_cache_config": [],
                "gce_persistent_disk_csi_driver_config": [
                  {
                    "enabled": true
                  }
                ],
                "gcp_filestore_csi_driver_config": [],
                "gke_backup_agent_config": [],
                "horizontal_pod_autoscaling": [],
                "http_load_balancing": [],
                "network_policy_config": [
                  {
                    "disabled": true
                  }
                ]
              }
            ],
            "authenticator_groups_config": [],
            "binary_authorization": [
              {
                "enabled": false,
                "evaluation_mode": ""
              }
            ],
            "cluster_autoscaling": [
              {
                "auto_provisioning_defaults": [],
                "enabled": false,
                "resource_limits": []
              }
            ],
            "cluster_ipv4_cidr": "10.0.0.0/14",
            "confidential_nodes": [],
            "cost_management_config": [],
            "database_encryption": [
              {
                "key_name": "",
                "state": "DECRYPTED"
              }
            ],
            "datapath_provider": "",
            "default_max_pods_per_node": null,
            "default_snat_status": [
              {
                "disabled": false
              }
            ],
            "description": "",
            "dns_config": [],
            "enable_autopilot": false,
            "enable_binary_authorization": false,
            "enable_intranode_visibility": false,
            "enable_kubernetes_alpha": false,
            "enable_l4_ilb_subsetting": false,
            "enable_legacy_abac": false,
            "enable_shielded_nodes": true,
            "enable_tpu": false,
            "endpoint": "35.221.246.19",
            "gateway_api_config": [],
            "id": "projects/kbot-389211/locations/asia-east1-a/clusters/main",
            "initial_node_count": 1,
            "ip_allocation_policy": [],
            "label_fingerprint": "a9dc16a7",
            "location": "asia-east1-a",
            "logging_config": [
              {
                "enable_components": [
                  "SYSTEM_COMPONENTS",
                  "WORKLOADS"
                ]
              }
            ],
            "logging_service": "logging.googleapis.com/kubernetes",
            "maintenance_policy": [],
            "master_auth": [
              {
                "client_certificate": "",
                "client_certificate_config": [
                  {
                    "issue_client_certificate": false
                  }
                ],
                "client_key": "",
                "cluster_ca_certificate": "LS0tLS1CRUdJTiBDRVJUSUZJQ0FURS0tLS0tCk1JSUVMVENDQXBXZ0F3SUJBZ0lSQUlhWlJjVHRrcjMxNThHSmxqUDVQRUV3RFFZSktvWklodmNOQVFFTEJRQXcKTHpFdE1Dc0dBMVVFQXhNa1pUTTNaVEE0WVdRdFkyVmlZeTAwTTJRM0xXRmhOekV0WmpZeE9XUXdZbUZpT1dJMwpNQ0FYRFRJek1EWXpNREV5TXpjMU5Wb1lEekl3TlRNd05qSXlNVE16TnpVMVdqQXZNUzB3S3dZRFZRUURFeVJsCk16ZGxNRGhoWkMxalpXSmpMVFF6WkRjdFlXRTNNUzFtTmpFNVpEQmlZV0k1WWpjd2dnR2lNQTBHQ1NxR1NJYjMKRFFFQkFRVUFBNElCandBd2dnR0tBb0lCZ1FDNy9naXh5dXFjNS9JaWUwQ3l5czNVYlVVM29LU20xN01NNzRxWAo2MlpZMEVjejVsZkFhYUlIOXFzUGp4ekRMZXp0eFZydGVCY0xyUWk2YzlyUERpRm5mM0ZZa0tNdTJmT2lGdTlmClRNK1lyZDRKUVNwU0I1MlRHdVplVUhjVTFieDYraG1PREJJcklONnBJY2l3RUZta01tNllLc2tyUGhNS3pSeDIKaXozdmhSYVEzQmNleFJCSHJyZDBlaElpN29WbHZObTVMa1VpaFFVOXZDR04rZkJDRWxVUzVaZTRlSXNNTE9PSQptMXpabytOZTJjMmpoNVNNZmxmRTlLL1VsMUpZSVdGWlNtUUhNVndJYmgvZ014V2JFY0RzNGlvSWtxS2FiT2ljCnBFU2krendDZzVLSmJ3ZStmMnFxMzB0eGc0aktGSEtMUzhDWE55Zk9mOTVyT2l3bGd1Umw2QkdGblhLQUZ3cDYKQU1ac3cwbzdzaEhIaVhhME5TYWQ0ckQ4VWpKbnkxeVRrRUsrSHRMc1BSUkhPd0lPbjlIQ0NZc24vMG9mbHN1VQpFM2tnWGJEUHBjVi8zYmR1bjQwYk11MkNPaGhndkFxWDRBT3ZRS0N2OWN5YWltSDBBQzBlREVNcmNZbUZXSmx0CmpqbkplbmpYL1AwemZHS1FFWWxqT2lOMlMvOENBd0VBQWFOQ01FQXdEZ1lEVlIwUEFRSC9CQVFEQWdJRU1BOEcKQTFVZEV3RUIvd1FGTUFNQkFmOHdIUVlEVlIwT0JCWUVGUFVQTEtWVHVXNTJtTTY0UzNFUHBGbWdpUnduTUEwRwpDU3FHU0liM0RRRUJDd1VBQTRJQmdRQWRkY0l3MkFUekt0V2JsZEpKRlJDbW12QitqVmZjd01RL2x1VzRNQzRqCjJIMkEwRWdFTnY5S1FVK0dESkFUTmJ4Y2pKaHRFVXozWW1xSkk1M0JweFhvdjJDRmxWTXNxSXJtUnlXWm02ZjAKY2pKVzM2MnZmT2p2cmx4UHFzbTNPeCs1TE9ieWpCN2phTitHTXJrS2VuVktoaXNKZFNvTW10SkdqQ0pJWVdIVAo0L21La2tVc3RQNVRVWnBSczkxaWVDYkxtRm1Ta3UreFpmWitOMVNOcUUxa0xKMk5CME5ldVZwOGhLL3JxUmhzCmNsRWt3RGZNOTIrY2t2Vm5teFB0MEJ0VmYzS3NhR1dLNUh5ejJidkd0UkY4TnlzZmJwUU05NFB1dDRCSis0S0gKV3ZGNlFJT3JoMklnY1ZXN3Uyc2lVTytENDVNTksxczJraW9Gdm51VitlUVNSTGxhUGZpZk9KajhWc0FDT0RVWQp3K3ViZTIrM0F4VGtpRkxmeG13S2VlSG1uZE1SeGgxRDNkbFpWSjJ5YVB4cWVVMWhkc2J4S0ZkbGpZdzJDdm9jCmJMeFdLU0ZlZzVjUVNtSkRoQTE4OW1pN1hsTnU3YURvU0xocGxFSkhNK05qSS9seG5PL0F5YXJMQjFjVWpsczUKZnZnVzlpUnlPMjJCa1FkUWxuMUp4clU9Ci0tLS0tRU5EIENFUlRJRklDQVRFLS0tLS0K"
              }
            ],
            "master_authorized_networks_config": [],
            "master_version": "1.25.8-gke.1000",
            "mesh_certificates": [],
            "min_master_version": null,
            "monitoring_config": [
              {
                "enable_components": [
                  "SYSTEM_COMPONENTS"
                ],
                "managed_prometheus": []
              }
            ],
            "monitoring_service": "monitoring.googleapis.com/kubernetes",
            "name": "main",
            "network": "projects/kbot-389211/global/networks/default",
            "network_policy": [
              {
                "enabled": false,
                "provider": "PROVIDER_UNSPECIFIED"
              }
            ],
            "networking_mode": "ROUTES",
            "node_config": [],
            "node_locations": [],
            "node_pool": [],
            "node_pool_defaults": [
              {
                "node_config_defaults": [
                  {
                    "logging_variant": "DEFAULT"
                  }
                ]
              }
            ],
            "node_version": "1.25.8-gke.1000",
            "notification_config": [
              {
                "pubsub": [
                  {
                    "enabled": false,
                    "filter": [],
                    "topic": ""
                  }
                ]
              }
            ],
            "operation": null,
            "private_cluster_config": [
              {
                "enable_private_endpoint": false,
                "enable_private_nodes": false,
                "master_global_access_config": [
                  {
                    "enabled": false
                  }
                ],
                "master_ipv4_cidr_block": "",
                "peering_name": "",
                "private_endpoint": "10.140.0.2",
                "private_endpoint_subnetwork": "",
                "public_endpoint": "35.221.246.19"
              }
            ],
            "private_ipv6_google_access": "",
            "project": "kbot-389211",
            "release_channel": [
              {
                "channel": "REGULAR"
              }
            ],
            "remove_default_node_pool": true,
            "resource_labels": null,
            "resource_usage_export_config": [],
            "self_link": "https://container.googleapis.com/v1/projects/kbot-389211/zones/asia-east1-a/clusters/main",
            "service_external_ips_config": [
              {
                "enabled": false
              }
            ],
            "services_ipv4_cidr": "10.3.240.0/20",
            "subnetwork": "projects/kbot-389211/regions/asia-east1/subnetworks/default",
            "timeouts": null,
            "tpu_ipv4_cidr_block": "",
            "vertical_pod_autoscaling": [],
            "workload_identity_config": [
              {
                "workload_pool": "kbot-389211.svc.id.goog"
              }
            ]
          },
          "sensitive_attributes": [],
          "private": "eyJlMmJmYjczMC1lY2FhLTExZTYtOGY4OC0zNDM2M2JjN2M0YzAiOnsiY3JlYXRlIjoyNDAwMDAwMDAwMDAwLCJkZWxldGUiOjI0MDAwMDAwMDAwMDAsInJlYWQiOjI0MDAwMDAwMDAwMDAsInVwZGF0ZSI6MzYwMDAwMDAwMDAwMH0sInNjaGVtYV92ZXJzaW9uIjoiMSJ9"
        }
      ]
    },
    {
      "module": "module.gke_cluster",
      "mode": "managed",
      "type": "google_container_node_pool",
      "name": "this",
      "provider": "module.gke_cluster.provider[\"registry.terraform.io/hashicorp/google\"]",
      "instances": [
        {
          "schema_version": 1,
          "attributes": {
            "autoscaling": [],
            "cluster": "main",
            "id": "projects/kbot-389211/locations/asia-east1-a/clusters/main/nodePools/main",
            "initial_node_count": 2,
            "instance_group_urls": [
              "https://www.googleapis.com/compute/v1/projects/kbot-389211/zones/asia-east1-a/instanceGroupManagers/gke-main-main-f8f9b435-grp"
            ],
            "location": "asia-east1-a",
            "managed_instance_group_urls": [
              "https://www.googleapis.com/compute/v1/projects/kbot-389211/zones/asia-east1-a/instanceGroups/gke-main-main-f8f9b435-grp"
            ],
            "management": [
              {
                "auto_repair": true,
                "auto_upgrade": true
              }
            ],
            "max_pods_per_node": null,
            "name": "main",
            "name_prefix": "",
            "network_config": [
              {
                "create_pod_range": false,
                "enable_private_nodes": false,
                "pod_ipv4_cidr_block": "",
                "pod_range": ""
              }
            ],
            "node_config": [
              {
                "boot_disk_kms_key": "",
                "disk_size_gb": 100,
                "disk_type": "pd-balanced",
                "gcfs_config": [],
                "guest_accelerator": [],
                "gvnic": [],
                "image_type": "COS_CONTAINERD",
                "kubelet_config": [],
                "labels": {},
                "linux_node_config": [],
                "local_ssd_count": 0,
                "logging_variant": "DEFAULT",
                "machine_type": "g1-small",
                "metadata": {
                  "disable-legacy-endpoints": "true"
                },
                "min_cpu_platform": "",
                "node_group": "",
                "oauth_scopes": [
                  "https://www.googleapis.com/auth/devstorage.read_only",
                  "https://www.googleapis.com/auth/logging.write",
                  "https://www.googleapis.com/auth/monitoring",
                  "https://www.googleapis.com/auth/service.management.readonly",
                  "https://www.googleapis.com/auth/servicecontrol",
                  "https://www.googleapis.com/auth/trace.append"
                ],
                "preemptible": false,
                "reservation_affinity": [],
                "resource_labels": null,
                "service_account": "default",
                "shielded_instance_config": [
                  {
                    "enable_integrity_monitoring": true,
                    "enable_secure_boot": false
                  }
                ],
                "spot": false,
                "tags": null,
                "taint": [],
                "workload_metadata_config": [
                  {
                    "mode": "GKE_METADATA"
                  }
                ]
              }
            ],
            "node_count": 2,
            "node_locations": [
              "asia-east1-a"
            ],
            "operation": null,
            "placement_policy": [],
            "project": "kbot-389211",
            "timeouts": null,
            "upgrade_settings": [
              {
                "blue_green_settings": [],
                "max_surge": 1,
                "max_unavailable": 0,
                "strategy": "SURGE"
              }
            ],
            "version": "1.25.8-gke.1000"
          },
          "sensitive_attributes": [],
          "private": "eyJlMmJmYjczMC1lY2FhLTExZTYtOGY4OC0zNDM2M2JjN2M0YzAiOnsiY3JlYXRlIjoxODAwMDAwMDAwMDAwLCJkZWxldGUiOjE4MDAwMDAwMDAwMDAsInVwZGF0ZSI6MTgwMDAwMDAwMDAwMH0sInNjaGVtYV92ZXJzaW9uIjoiMSJ9",
          "dependencies": [
            "module.gke_cluster.google_container_cluster.this"
          ]
        }
      ]
    },
    {
      "module": "module.gke_cluster",
      "mode": "managed",
      "type": "local_file",
      "name": "kubeconfig",
      "provider": "provider[\"registry.terraform.io/hashicorp/local\"]",
      "instances": [
        {
          "schema_version": 0,
          "attributes": {
            "content": "apiVersion: v1\nclusters:\n- cluster:\n    certificate-authority-data: LS0tLS1CRUdJTiBDRVJUSUZJQ0FURS0tLS0tCk1JSUVMVENDQXBXZ0F3SUJBZ0lSQUlhWlJjVHRrcjMxNThHSmxqUDVQRUV3RFFZSktvWklodmNOQVFFTEJRQXcKTHpFdE1Dc0dBMVVFQXhNa1pUTTNaVEE0WVdRdFkyVmlZeTAwTTJRM0xXRmhOekV0WmpZeE9XUXdZbUZpT1dJMwpNQ0FYRFRJek1EWXpNREV5TXpjMU5Wb1lEekl3TlRNd05qSXlNVE16TnpVMVdqQXZNUzB3S3dZRFZRUURFeVJsCk16ZGxNRGhoWkMxalpXSmpMVFF6WkRjdFlXRTNNUzFtTmpFNVpEQmlZV0k1WWpjd2dnR2lNQTBHQ1NxR1NJYjMKRFFFQkFRVUFBNElCandBd2dnR0tBb0lCZ1FDNy9naXh5dXFjNS9JaWUwQ3l5czNVYlVVM29LU20xN01NNzRxWAo2MlpZMEVjejVsZkFhYUlIOXFzUGp4ekRMZXp0eFZydGVCY0xyUWk2YzlyUERpRm5mM0ZZa0tNdTJmT2lGdTlmClRNK1lyZDRKUVNwU0I1MlRHdVplVUhjVTFieDYraG1PREJJcklONnBJY2l3RUZta01tNllLc2tyUGhNS3pSeDIKaXozdmhSYVEzQmNleFJCSHJyZDBlaElpN29WbHZObTVMa1VpaFFVOXZDR04rZkJDRWxVUzVaZTRlSXNNTE9PSQptMXpabytOZTJjMmpoNVNNZmxmRTlLL1VsMUpZSVdGWlNtUUhNVndJYmgvZ014V2JFY0RzNGlvSWtxS2FiT2ljCnBFU2krendDZzVLSmJ3ZStmMnFxMzB0eGc0aktGSEtMUzhDWE55Zk9mOTVyT2l3bGd1Umw2QkdGblhLQUZ3cDYKQU1ac3cwbzdzaEhIaVhhME5TYWQ0ckQ4VWpKbnkxeVRrRUsrSHRMc1BSUkhPd0lPbjlIQ0NZc24vMG9mbHN1VQpFM2tnWGJEUHBjVi8zYmR1bjQwYk11MkNPaGhndkFxWDRBT3ZRS0N2OWN5YWltSDBBQzBlREVNcmNZbUZXSmx0CmpqbkplbmpYL1AwemZHS1FFWWxqT2lOMlMvOENBd0VBQWFOQ01FQXdEZ1lEVlIwUEFRSC9CQVFEQWdJRU1BOEcKQTFVZEV3RUIvd1FGTUFNQkFmOHdIUVlEVlIwT0JCWUVGUFVQTEtWVHVXNTJtTTY0UzNFUHBGbWdpUnduTUEwRwpDU3FHU0liM0RRRUJDd1VBQTRJQmdRQWRkY0l3MkFUekt0V2JsZEpKRlJDbW12QitqVmZjd01RL2x1VzRNQzRqCjJIMkEwRWdFTnY5S1FVK0dESkFUTmJ4Y2pKaHRFVXozWW1xSkk1M0JweFhvdjJDRmxWTXNxSXJtUnlXWm02ZjAKY2pKVzM2MnZmT2p2cmx4UHFzbTNPeCs1TE9ieWpCN2phTitHTXJrS2VuVktoaXNKZFNvTW10SkdqQ0pJWVdIVAo0L21La2tVc3RQNVRVWnBSczkxaWVDYkxtRm1Ta3UreFpmWitOMVNOcUUxa0xKMk5CME5ldVZwOGhLL3JxUmhzCmNsRWt3RGZNOTIrY2t2Vm5teFB0MEJ0VmYzS3NhR1dLNUh5ejJidkd0UkY4TnlzZmJwUU05NFB1dDRCSis0S0gKV3ZGNlFJT3JoMklnY1ZXN3Uyc2lVTytENDVNTksxczJraW9Gdm51VitlUVNSTGxhUGZpZk9KajhWc0FDT0RVWQp3K3ViZTIrM0F4VGtpRkxmeG13S2VlSG1uZE1SeGgxRDNkbFpWSjJ5YVB4cWVVMWhkc2J4S0ZkbGpZdzJDdm9jCmJMeFdLU0ZlZzVjUVNtSkRoQTE4OW1pN1hsTnU3YURvU0xocGxFSkhNK05qSS9seG5PL0F5YXJMQjFjVWpsczUKZnZnVzlpUnlPMjJCa1FkUWxuMUp4clU9Ci0tLS0tRU5EIENFUlRJRklDQVRFLS0tLS0K\n    server: https://35.221.246.19\n  name: main\ncontexts:\n- context:\n    cluster: main\n    user: main\n  name: main\ncurrent-context: main\nkind: Config\npreferences: {}\nusers:\n- name: main\n  user:\n    token: ya29.a0AbVbY6MpWszWEpIO13TqUaeWhpemnIInadVSbTT456yXjj9r46cuuiVn8rl4Pmq9h6SmNNdCqXrBFKX6DbCchfKOk5E9WVQgVHA8flHqeVYmucPF_C92Er_Jzm7dbc38lLU6R2asWUEg3G2vpYWWx5WjhqtJSNacIgt-6L1QffJPU3SzCuW7UhaDR9DQIGFmIsGG8ibvDj5bOVRBn-ElpHpLqxrBBQTxB1iNE9tBL06PsYbUd2w9extF0I1aNTsgrCoJbyrH38iqkD20KqN0vxBlOszQ86njb5dSsyxXit0S7B2XZEDH03XdKYGXDCu3oy_ot_IZPJEjf9bbsAq8FGJFQ1zlf77ocRYZ6x5SXHhBwhMon0O8LRHwPFk8PsyXMpRVvZ-34qulRZCtqrwOjSjgFwaCgYKAccSARMSFQFWKvPlf2DHtBa_jgohpBaQT_u4UA0417\n",
            "content_base64": null,
            "content_base64sha256": "cWQcqxxHwYNsFWWtKZTXd51+VgtjSyOQRATQvHjd818=",
            "content_base64sha512": "vfA4oG2on7mRf+aNtYa6AFaP5MF3M++GVg7HOUqtUk1i3pmizoNylk3LJiRJ57GC+Dech+9UibMvfD5HRdmdaQ==",
            "content_md5": "02da6e74237c592acc469ac528f747d4",
            "content_sha1": "197271d416f61ecbe3821ee6f1ee715add5dedfb",
            "content_sha256": "71641cab1c47c1836c1565ad2994d7779d7e560b634b23904404d0bc78ddf35f",
            "content_sha512": "bdf038a06da89fb9917fe68db586ba00568fe4c17733ef86560ec7394aad524d62de99a2ce8372964dcb262449e7b182f8379c87ef5489b32f7c3e4745d99d69",
            "directory_permission": "0777",
            "file_permission": "0400",
            "filename": ".terraform/modules/gke_cluster/kubeconfig",
            "id": "197271d416f61ecbe3821ee6f1ee715add5dedfb",
            "sensitive_content": null,
            "source": null
          },
          "sensitive_attributes": [
            [
              {
                "type": "get_attr",
                "value": "content"
              }
            ]
          ],
          "dependencies": [
            "module.gke_cluster.google_container_cluster.this",
            "module.gke_cluster.module.gke_auth.data.google_client_config.provider",
            "module.gke_cluster.module.gke_auth.data.google_container_cluster.gke_cluster"
          ]
        }
      ]
    },
    {
      "module": "module.gke_cluster.module.gke_auth",
      "mode": "data",
      "type": "google_client_config",
      "name": "provider",
      "provider": "module.gke_cluster.provider[\"registry.terraform.io/hashicorp/google\"]",
      "instances": [
        {
          "schema_version": 0,
          "attributes": {
            "access_token": "ya29.a0AbVbY6MpWszWEpIO13TqUaeWhpemnIInadVSbTT456yXjj9r46cuuiVn8rl4Pmq9h6SmNNdCqXrBFKX6DbCchfKOk5E9WVQgVHA8flHqeVYmucPF_C92Er_Jzm7dbc38lLU6R2asWUEg3G2vpYWWx5WjhqtJSNacIgt-6L1QffJPU3SzCuW7UhaDR9DQIGFmIsGG8ibvDj5bOVRBn-ElpHpLqxrBBQTxB1iNE9tBL06PsYbUd2w9extF0I1aNTsgrCoJbyrH38iqkD20KqN0vxBlOszQ86njb5dSsyxXit0S7B2XZEDH03XdKYGXDCu3oy_ot_IZPJEjf9bbsAq8FGJFQ1zlf77ocRYZ6x5SXHhBwhMon0O8LRHwPFk8PsyXMpRVvZ-34qulRZCtqrwOjSjgFwaCgYKAccSARMSFQFWKvPlf2DHtBa_jgohpBaQT_u4UA0417",
            "id": "projects/kbot-389211/regions/asia-east1-a/zones/",
            "project": "kbot-389211",
            "region": "asia-east1-a",
            "zone": ""
          },
          "sensitive_attributes": []
        }
      ]
    },
    {
      "module": "module.gke_cluster.module.gke_auth",
      "mode": "data",
      "type": "google_container_cluster",
      "name": "gke_cluster",
      "provider": "module.gke_cluster.provider[\"registry.terraform.io/hashicorp/google\"]",
      "instances": [
        {
          "schema_version": 0,
          "attributes": {
            "addons_config": [
              {
                "cloudrun_config": [],
                "config_connector_config": [],
                "dns_cache_config": [],
                "gce_persistent_disk_csi_driver_config": [
                  {
                    "enabled": true
                  }
                ],
                "gcp_filestore_csi_driver_config": [],
                "gke_backup_agent_config": [],
                "horizontal_pod_autoscaling": [],
                "http_load_balancing": [],
                "network_policy_config": [
                  {
                    "disabled": true
                  }
                ]
              }
            ],
            "authenticator_groups_config": [],
            "binary_authorization": [
              {
                "enabled": false,
                "evaluation_mode": ""
              }
            ],
            "cluster_autoscaling": [
              {
                "auto_provisioning_defaults": [],
                "enabled": false,
                "resource_limits": []
              }
            ],
            "cluster_ipv4_cidr": "10.0.0.0/14",
            "confidential_nodes": [],
            "cost_management_config": [],
            "database_encryption": [
              {
                "key_name": "",
                "state": "DECRYPTED"
              }
            ],
            "datapath_provider": "",
            "default_max_pods_per_node": null,
            "default_snat_status": [
              {
                "disabled": false
              }
            ],
            "description": "",
            "dns_config": [],
            "enable_autopilot": false,
            "enable_binary_authorization": false,
            "enable_intranode_visibility": false,
            "enable_kubernetes_alpha": false,
            "enable_l4_ilb_subsetting": false,
            "enable_legacy_abac": false,
            "enable_shielded_nodes": true,
            "enable_tpu": false,
            "endpoint": "35.221.246.19",
            "gateway_api_config": [],
            "id": "projects/kbot-389211/locations/asia-east1-a/clusters/main",
            "initial_node_count": 1,
            "ip_allocation_policy": [],
            "label_fingerprint": "a9dc16a7",
            "location": "asia-east1-a",
            "logging_config": [
              {
                "enable_components": [
                  "SYSTEM_COMPONENTS",
                  "WORKLOADS"
                ]
              }
            ],
            "logging_service": "logging.googleapis.com/kubernetes",
            "maintenance_policy": [],
            "master_auth": [
              {
                "client_certificate": "",
                "client_certificate_config": [
                  {
                    "issue_client_certificate": false
                  }
                ],
                "client_key": "",
                "cluster_ca_certificate": "LS0tLS1CRUdJTiBDRVJUSUZJQ0FURS0tLS0tCk1JSUVMVENDQXBXZ0F3SUJBZ0lSQUlhWlJjVHRrcjMxNThHSmxqUDVQRUV3RFFZSktvWklodmNOQVFFTEJRQXcKTHpFdE1Dc0dBMVVFQXhNa1pUTTNaVEE0WVdRdFkyVmlZeTAwTTJRM0xXRmhOekV0WmpZeE9XUXdZbUZpT1dJMwpNQ0FYRFRJek1EWXpNREV5TXpjMU5Wb1lEekl3TlRNd05qSXlNVE16TnpVMVdqQXZNUzB3S3dZRFZRUURFeVJsCk16ZGxNRGhoWkMxalpXSmpMVFF6WkRjdFlXRTNNUzFtTmpFNVpEQmlZV0k1WWpjd2dnR2lNQTBHQ1NxR1NJYjMKRFFFQkFRVUFBNElCandBd2dnR0tBb0lCZ1FDNy9naXh5dXFjNS9JaWUwQ3l5czNVYlVVM29LU20xN01NNzRxWAo2MlpZMEVjejVsZkFhYUlIOXFzUGp4ekRMZXp0eFZydGVCY0xyUWk2YzlyUERpRm5mM0ZZa0tNdTJmT2lGdTlmClRNK1lyZDRKUVNwU0I1MlRHdVplVUhjVTFieDYraG1PREJJcklONnBJY2l3RUZta01tNllLc2tyUGhNS3pSeDIKaXozdmhSYVEzQmNleFJCSHJyZDBlaElpN29WbHZObTVMa1VpaFFVOXZDR04rZkJDRWxVUzVaZTRlSXNNTE9PSQptMXpabytOZTJjMmpoNVNNZmxmRTlLL1VsMUpZSVdGWlNtUUhNVndJYmgvZ014V2JFY0RzNGlvSWtxS2FiT2ljCnBFU2krendDZzVLSmJ3ZStmMnFxMzB0eGc0aktGSEtMUzhDWE55Zk9mOTVyT2l3bGd1Umw2QkdGblhLQUZ3cDYKQU1ac3cwbzdzaEhIaVhhME5TYWQ0ckQ4VWpKbnkxeVRrRUsrSHRMc1BSUkhPd0lPbjlIQ0NZc24vMG9mbHN1VQpFM2tnWGJEUHBjVi8zYmR1bjQwYk11MkNPaGhndkFxWDRBT3ZRS0N2OWN5YWltSDBBQzBlREVNcmNZbUZXSmx0CmpqbkplbmpYL1AwemZHS1FFWWxqT2lOMlMvOENBd0VBQWFOQ01FQXdEZ1lEVlIwUEFRSC9CQVFEQWdJRU1BOEcKQTFVZEV3RUIvd1FGTUFNQkFmOHdIUVlEVlIwT0JCWUVGUFVQTEtWVHVXNTJtTTY0UzNFUHBGbWdpUnduTUEwRwpDU3FHU0liM0RRRUJDd1VBQTRJQmdRQWRkY0l3MkFUekt0V2JsZEpKRlJDbW12QitqVmZjd01RL2x1VzRNQzRqCjJIMkEwRWdFTnY5S1FVK0dESkFUTmJ4Y2pKaHRFVXozWW1xSkk1M0JweFhvdjJDRmxWTXNxSXJtUnlXWm02ZjAKY2pKVzM2MnZmT2p2cmx4UHFzbTNPeCs1TE9ieWpCN2phTitHTXJrS2VuVktoaXNKZFNvTW10SkdqQ0pJWVdIVAo0L21La2tVc3RQNVRVWnBSczkxaWVDYkxtRm1Ta3UreFpmWitOMVNOcUUxa0xKMk5CME5ldVZwOGhLL3JxUmhzCmNsRWt3RGZNOTIrY2t2Vm5teFB0MEJ0VmYzS3NhR1dLNUh5ejJidkd0UkY4TnlzZmJwUU05NFB1dDRCSis0S0gKV3ZGNlFJT3JoMklnY1ZXN3Uyc2lVTytENDVNTksxczJraW9Gdm51VitlUVNSTGxhUGZpZk9KajhWc0FDT0RVWQp3K3ViZTIrM0F4VGtpRkxmeG13S2VlSG1uZE1SeGgxRDNkbFpWSjJ5YVB4cWVVMWhkc2J4S0ZkbGpZdzJDdm9jCmJMeFdLU0ZlZzVjUVNtSkRoQTE4OW1pN1hsTnU3YURvU0xocGxFSkhNK05qSS9seG5PL0F5YXJMQjFjVWpsczUKZnZnVzlpUnlPMjJCa1FkUWxuMUp4clU9Ci0tLS0tRU5EIENFUlRJRklDQVRFLS0tLS0K"
              }
            ],
            "master_authorized_networks_config": [],
            "master_version": "1.25.8-gke.1000",
            "mesh_certificates": [],
            "min_master_version": null,
            "monitoring_config": [
              {
                "enable_components": [
                  "SYSTEM_COMPONENTS"
                ],
                "managed_prometheus": []
              }
            ],
            "monitoring_service": "monitoring.googleapis.com/kubernetes",
            "name": "main",
            "network": "projects/kbot-389211/global/networks/default",
            "network_policy": [
              {
                "enabled": false,
                "provider": "PROVIDER_UNSPECIFIED"
              }
            ],
            "networking_mode": "ROUTES",
            "node_config": [],
            "node_locations": [],
            "node_pool": [],
            "node_pool_defaults": [
              {
                "node_config_defaults": [
                  {
                    "logging_variant": "DEFAULT"
                  }
                ]
              }
            ],
            "node_version": "1.25.8-gke.1000",
            "notification_config": [
              {
                "pubsub": [
                  {
                    "enabled": false,
                    "filter": [],
                    "topic": ""
                  }
                ]
              }
            ],
            "operation": null,
            "private_cluster_config": [
              {
                "enable_private_endpoint": false,
                "enable_private_nodes": false,
                "master_global_access_config": [
                  {
                    "enabled": false
                  }
                ],
                "master_ipv4_cidr_block": "",
                "peering_name": "",
                "private_endpoint": "10.140.0.2",
                "private_endpoint_subnetwork": "",
                "public_endpoint": "35.221.246.19"
              }
            ],
            "private_ipv6_google_access": "",
            "project": "kbot-389211",
            "release_channel": [
              {
                "channel": "REGULAR"
              }
            ],
            "remove_default_node_pool": null,
            "resource_labels": {},
            "resource_usage_export_config": [],
            "self_link": "https://container.googleapis.com/v1/projects/kbot-389211/zones/asia-east1-a/clusters/main",
            "service_external_ips_config": [
              {
                "enabled": false
              }
            ],
            "services_ipv4_cidr": "10.3.240.0/20",
            "subnetwork": "projects/kbot-389211/regions/asia-east1/subnetworks/default",
            "tpu_ipv4_cidr_block": "",
            "vertical_pod_autoscaling": [],
            "workload_identity_config": [
              {
                "workload_pool": "kbot-389211.svc.id.goog"
              }
            ]
          },
          "sensitive_attributes": []
        }
      ]
    }
  ],
  "check_results": null
}
