{
  "version": 4,
  "terraform_version": "1.5.1",
  "serial": 10,
  "lineage": "c76fcab6-15d6-c754-2d4e-a1c1f1d4fd3d",
  "outputs": {},
  "resources": [
    {
      "module": "module.github_repository",
      "mode": "managed",
      "type": "github_repository",
      "name": "this",
      "provider": "module.github_repository.provider[\"registry.terraform.io/integrations/github\"]",
      "instances": [
        {
          "schema_version": 1,
          "attributes": {
            "allow_auto_merge": false,
            "allow_merge_commit": true,
            "allow_rebase_merge": true,
            "allow_squash_merge": true,
            "allow_update_branch": false,
            "archive_on_destroy": null,
            "archived": false,
            "auto_init": true,
            "default_branch": "main",
            "delete_branch_on_merge": false,
            "description": "",
            "etag": "W/\"c88bfd8d1e1d888a8644f071ab3c00b7c81da630514f671fdeaf02ead46c86f8\"",
            "full_name": "otrokov/flux-gitops",
            "git_clone_url": "git://github.com/otrokov/flux-gitops.git",
            "gitignore_template": null,
            "has_discussions": false,
            "has_downloads": false,
            "has_issues": false,
            "has_projects": false,
            "has_wiki": false,
            "homepage_url": "",
            "html_url": "https://github.com/otrokov/flux-gitops",
            "http_clone_url": "https://github.com/otrokov/flux-gitops.git",
            "id": "flux-gitops",
            "ignore_vulnerability_alerts_during_read": null,
            "is_template": false,
            "license_template": null,
            "merge_commit_message": "PR_TITLE",
            "merge_commit_title": "MERGE_MESSAGE",
            "name": "flux-gitops",
            "node_id": "R_kgDOJ2WlbQ",
            "pages": [],
            "private": true,
            "repo_id": 660972909,
            "security_and_analysis": [],
            "squash_merge_commit_message": "COMMIT_MESSAGES",
            "squash_merge_commit_title": "COMMIT_OR_PR_TITLE",
            "ssh_clone_url": "git@github.com:otrokov/flux-gitops.git",
            "svn_url": "https://github.com/otrokov/flux-gitops",
            "template": [],
            "topics": null,
            "visibility": "private",
            "vulnerability_alerts": false
          },
          "sensitive_attributes": [],
          "private": "eyJzY2hlbWFfdmVyc2lvbiI6IjEifQ=="
        }
      ]
    },
    {
      "module": "module.github_repository",
      "mode": "managed",
      "type": "github_repository_deploy_key",
      "name": "this",
      "provider": "module.github_repository.provider[\"registry.terraform.io/integrations/github\"]",
      "instances": [
        {
          "schema_version": 0,
          "attributes": {
            "etag": "W/\"92f71b01f821371f6f52976ac8107128a1fb961ac818ecc2dd1e52ace1afff55\"",
            "id": "flux-gitops:84209823",
            "key": "ecdsa-sha2-nistp256 AAAAE2VjZHNhLXNoYTItbmlzdHAyNTYAAAAIbmlzdHAyNTYAAABBBAC1Pwn1Jirqz4+fDfiYhIPsh+oe5bawkVxQwzQN1lFAaxAYiFISz9KTfpudwXXssRPrmnH7nplzTzkmiJJkkxY=",
            "read_only": false,
            "repository": "flux-gitops",
            "title": "flux"
          },
          "sensitive_attributes": [],
          "private": "bnVsbA==",
          "dependencies": [
            "module.github_repository.github_repository.this",
            "module.tls_private_key.tls_private_key.this"
          ]
        }
      ]
    },
    {
      "module": "module.gke_cluster",
      "mode": "managed",
      "type": "google_container_cluster",
      "name": "this",
      "provider": "module.gke_cluster.provider[\"registry.terraform.io/hashicorp/google\"]",
      "instances": [
        {
          "schema_version": 1,
          "attributes": {
            "addons_config": [
              {
                "cloudrun_config": [],
                "config_connector_config": [],
                "dns_cache_config": [],
                "gce_persistent_disk_csi_driver_config": [
                  {
                    "enabled": true
                  }
                ],
                "gcp_filestore_csi_driver_config": [],
                "gke_backup_agent_config": [],
                "horizontal_pod_autoscaling": [],
                "http_load_balancing": [],
                "network_policy_config": [
                  {
                    "disabled": true
                  }
                ]
              }
            ],
            "authenticator_groups_config": [],
            "binary_authorization": [
              {
                "enabled": false,
                "evaluation_mode": ""
              }
            ],
            "cluster_autoscaling": [
              {
                "auto_provisioning_defaults": [],
                "enabled": false,
                "resource_limits": []
              }
            ],
            "cluster_ipv4_cidr": "10.0.0.0/14",
            "confidential_nodes": [],
            "cost_management_config": [],
            "database_encryption": [
              {
                "key_name": "",
                "state": "DECRYPTED"
              }
            ],
            "datapath_provider": "",
            "default_max_pods_per_node": null,
            "default_snat_status": [
              {
                "disabled": false
              }
            ],
            "description": "",
            "dns_config": [],
            "enable_autopilot": false,
            "enable_binary_authorization": false,
            "enable_intranode_visibility": false,
            "enable_kubernetes_alpha": false,
            "enable_l4_ilb_subsetting": false,
            "enable_legacy_abac": false,
            "enable_shielded_nodes": true,
            "enable_tpu": false,
            "endpoint": "35.201.234.54",
            "gateway_api_config": [],
            "id": "projects/kbot-389211/locations/asia-east1-a/clusters/main",
            "initial_node_count": 1,
            "ip_allocation_policy": [],
            "label_fingerprint": "a9dc16a7",
            "location": "asia-east1-a",
            "logging_config": [
              {
                "enable_components": [
                  "SYSTEM_COMPONENTS",
                  "WORKLOADS"
                ]
              }
            ],
            "logging_service": "logging.googleapis.com/kubernetes",
            "maintenance_policy": [],
            "master_auth": [
              {
                "client_certificate": "",
                "client_certificate_config": [
                  {
                    "issue_client_certificate": false
                  }
                ],
                "client_key": "",
                "cluster_ca_certificate": "LS0tLS1CRUdJTiBDRVJUSUZJQ0FURS0tLS0tCk1JSUVMVENDQXBXZ0F3SUJBZ0lSQUxFK1MyblU0bGI1ZWpaSjJkVHg3dGt3RFFZSktvWklodmNOQVFFTEJRQXcKTHpFdE1Dc0dBMVVFQXhNa1kySTRabVkxTlRjdE5qRTNPUzAwWW1KaUxUZ3dNbUV0T0dSbU5HSTFaak16TmpWaQpNQ0FYRFRJek1EY3dNVEV3TXpnME5Gb1lEekl3TlRNd05qSXpNVEV6T0RRMFdqQXZNUzB3S3dZRFZRUURFeVJqCllqaG1aalUxTnkwMk1UYzVMVFJpWW1JdE9EQXlZUzA0WkdZMFlqVm1Nek0yTldJd2dnR2lNQTBHQ1NxR1NJYjMKRFFFQkFRVUFBNElCandBd2dnR0tBb0lCZ1FETkhtVFR5ZVBSeGFNdkRHRWJBTGRIQVNUS2tNTDFlMmFJM2dTWApUNmYxRXBkS0pSeUFwNksrKzEvdUxLNnd2TUYwQ1NQb0YrUmFMVExnQnFpRG10Uyt1aGtVLytvUUp3SjR6SmkxCnhBQTg5QlpIYzF0UDJlRjU1cEszbWQrOEtsR2g5RmNCMUp5SXh5cFlzQloxNHFqRmdoY0RsMjh3T0pqbkRHS1EKam1mTVVxbWVQRUVyN3h2NXVkSE8xZmY3cFFvK2c2SERLdTRCTmlVb3FDNFpybjZuY2p0TjBJSVU3MmIrRE1lWgoyVVREcjFDcmxCMVBkSGpZdkVjQlltUlExN3JpU0dydFFlbjRxK3RPc2tMd1ZuL3UxSG9sUVVtR1VSK3NSUDhNCkZsdjZmRit4em16REEzSGhrWE00ZkNEbnN0MUIvTjJFRlpxR29Udm4rMFlZZU5WSGhOM0FoYmd5aXhHRHJyUmoKeE9Zd0JudTdrV3c2Sm9zMkdEcGJvaXBMSGN5dmRLV2o4czZWNEpaREZVa1JUWXpLV1l0VEVmcThybzRyN0JvRAp0U1FsclRKZklUbzFFcGRqSW8zS05BTXNxQnZuNFVYTmJhdHd5ZG5mVkFNYzlQYXMvdmh0WWg3c1BDaTBMQVcwCkJJSjdiblFZSTRLK1g3b1gyM0ZkbTZveklYOENBd0VBQWFOQ01FQXdEZ1lEVlIwUEFRSC9CQVFEQWdJRU1BOEcKQTFVZEV3RUIvd1FGTUFNQkFmOHdIUVlEVlIwT0JCWUVGSGNIa1lwMXduOEFnOEVMMHlFb2ZWaWg2TFhxTUEwRwpDU3FHU0liM0RRRUJDd1VBQTRJQmdRQnZ1V0NmS0xPRStsZmFnaWxNNnNFOWtzTlBybFdSWFVmVnFUaDIvMks4CnhKZC9SOVdaWldnNXI5K1IzYzhDSEgzZFp0eEJKdGkwMUZHRG5iSW1ablh4Nm56TmMxc2dyVW5udHNxUVNzMEkKejRha0JVYmxiZ1V4Tk5IY2Z3U1R4QWViLzl2djlkSXNVVWtSd2NURy9VVWpNMkEyV3JQWWErQlMxZFR5eVlOSQpsUjZmSm9VZm9SMTRxUmxYbW1qWjBKN0V5MXNldWRhLzRqaG05YnRjTlA2Zmh0cGRsRnQrV280WkJLK3ZBZThyCjgycFFxUXhHY2tNd0tvTVdsZ1czU1FXRjNyTlN1T2VWNjRNbExKZVlXQXo2UW9VZVpWMnpVNm1pZ3hONkhyTkYKZkV3ZVZIMDJuVTJSNkNoaktPTThWRHF0SzlBbmluR0ZhU1M4RXF0QVorb2hiWGJmVzNmb0s0dHBCVEcxMTlFcApyWndnYnIrbHNtUFRVUnZGcisyaGhQUE5pdXRUUEZxbVNaNFZEb1RqY2xzOXczUlhJdVRIbHlzUzR0UVRKOUhZCnJXaTBvUVJ6WVV5dUtEWHhyTVk2dy92T1hITElYalR1Mmlvcjk5RG9HNVNsVUJRZi84WU5YK3MyRWZOQWFKTSsKWm9hd2M3eTVjUHJSdjZjdHFRYlAwamc9Ci0tLS0tRU5EIENFUlRJRklDQVRFLS0tLS0K"
              }
            ],
            "master_authorized_networks_config": [],
            "master_version": "1.25.8-gke.1000",
            "mesh_certificates": [],
            "min_master_version": null,
            "monitoring_config": [
              {
                "enable_components": [
                  "SYSTEM_COMPONENTS"
                ],
                "managed_prometheus": []
              }
            ],
            "monitoring_service": "monitoring.googleapis.com/kubernetes",
            "name": "main",
            "network": "projects/kbot-389211/global/networks/default",
            "network_policy": [
              {
                "enabled": false,
                "provider": "PROVIDER_UNSPECIFIED"
              }
            ],
            "networking_mode": "ROUTES",
            "node_config": [],
            "node_locations": [],
            "node_pool": [],
            "node_pool_defaults": [
              {
                "node_config_defaults": [
                  {
                    "logging_variant": "DEFAULT"
                  }
                ]
              }
            ],
            "node_version": "1.25.8-gke.1000",
            "notification_config": [
              {
                "pubsub": [
                  {
                    "enabled": false,
                    "filter": [],
                    "topic": ""
                  }
                ]
              }
            ],
            "operation": null,
            "private_cluster_config": [
              {
                "enable_private_endpoint": false,
                "enable_private_nodes": false,
                "master_global_access_config": [
                  {
                    "enabled": false
                  }
                ],
                "master_ipv4_cidr_block": "",
                "peering_name": "",
                "private_endpoint": "10.140.0.33",
                "private_endpoint_subnetwork": "",
                "public_endpoint": "35.201.234.54"
              }
            ],
            "private_ipv6_google_access": "",
            "project": "kbot-389211",
            "release_channel": [
              {
                "channel": "REGULAR"
              }
            ],
            "remove_default_node_pool": true,
            "resource_labels": null,
            "resource_usage_export_config": [],
            "self_link": "https://container.googleapis.com/v1/projects/kbot-389211/zones/asia-east1-a/clusters/main",
            "service_external_ips_config": [
              {
                "enabled": false
              }
            ],
            "services_ipv4_cidr": "10.3.240.0/20",
            "subnetwork": "projects/kbot-389211/regions/asia-east1/subnetworks/default",
            "timeouts": null,
            "tpu_ipv4_cidr_block": "",
            "vertical_pod_autoscaling": [],
            "workload_identity_config": [
              {
                "workload_pool": "kbot-389211.svc.id.goog"
              }
            ]
          },
          "sensitive_attributes": [],
          "private": "eyJlMmJmYjczMC1lY2FhLTExZTYtOGY4OC0zNDM2M2JjN2M0YzAiOnsiY3JlYXRlIjoyNDAwMDAwMDAwMDAwLCJkZWxldGUiOjI0MDAwMDAwMDAwMDAsInJlYWQiOjI0MDAwMDAwMDAwMDAsInVwZGF0ZSI6MzYwMDAwMDAwMDAwMH0sInNjaGVtYV92ZXJzaW9uIjoiMSJ9"
        }
      ]
    },
    {
      "module": "module.gke_cluster",
      "mode": "managed",
      "type": "google_container_node_pool",
      "name": "this",
      "provider": "module.gke_cluster.provider[\"registry.terraform.io/hashicorp/google\"]",
      "instances": [
        {
          "schema_version": 1,
          "attributes": {
            "autoscaling": [],
            "cluster": "main",
            "id": "projects/kbot-389211/locations/asia-east1-a/clusters/main/nodePools/main",
            "initial_node_count": 1,
            "instance_group_urls": [
              "https://www.googleapis.com/compute/v1/projects/kbot-389211/zones/asia-east1-a/instanceGroupManagers/gke-main-main-66be2047-grp"
            ],
            "location": "asia-east1-a",
            "managed_instance_group_urls": [
              "https://www.googleapis.com/compute/v1/projects/kbot-389211/zones/asia-east1-a/instanceGroups/gke-main-main-66be2047-grp"
            ],
            "management": [
              {
                "auto_repair": true,
                "auto_upgrade": true
              }
            ],
            "max_pods_per_node": null,
            "name": "main",
            "name_prefix": "",
            "network_config": [
              {
                "create_pod_range": false,
                "enable_private_nodes": false,
                "pod_ipv4_cidr_block": "",
                "pod_range": ""
              }
            ],
            "node_config": [
              {
                "boot_disk_kms_key": "",
                "disk_size_gb": 100,
                "disk_type": "pd-balanced",
                "gcfs_config": [],
                "guest_accelerator": [],
                "gvnic": [],
                "image_type": "COS_CONTAINERD",
                "kubelet_config": [],
                "labels": {},
                "linux_node_config": [],
                "local_ssd_count": 0,
                "logging_variant": "DEFAULT",
                "machine_type": "g1-small",
                "metadata": {
                  "disable-legacy-endpoints": "true"
                },
                "min_cpu_platform": "",
                "node_group": "",
                "oauth_scopes": [
                  "https://www.googleapis.com/auth/devstorage.read_only",
                  "https://www.googleapis.com/auth/logging.write",
                  "https://www.googleapis.com/auth/monitoring",
                  "https://www.googleapis.com/auth/service.management.readonly",
                  "https://www.googleapis.com/auth/servicecontrol",
                  "https://www.googleapis.com/auth/trace.append"
                ],
                "preemptible": false,
                "reservation_affinity": [],
                "resource_labels": null,
                "service_account": "default",
                "shielded_instance_config": [
                  {
                    "enable_integrity_monitoring": true,
                    "enable_secure_boot": false
                  }
                ],
                "spot": false,
                "tags": null,
                "taint": [],
                "workload_metadata_config": [
                  {
                    "mode": "GKE_METADATA"
                  }
                ]
              }
            ],
            "node_count": 1,
            "node_locations": [
              "asia-east1-a"
            ],
            "operation": null,
            "placement_policy": [],
            "project": "kbot-389211",
            "timeouts": null,
            "upgrade_settings": [
              {
                "blue_green_settings": [],
                "max_surge": 1,
                "max_unavailable": 0,
                "strategy": "SURGE"
              }
            ],
            "version": "1.25.8-gke.1000"
          },
          "sensitive_attributes": [],
          "private": "eyJlMmJmYjczMC1lY2FhLTExZTYtOGY4OC0zNDM2M2JjN2M0YzAiOnsiY3JlYXRlIjoxODAwMDAwMDAwMDAwLCJkZWxldGUiOjE4MDAwMDAwMDAwMDAsInVwZGF0ZSI6MTgwMDAwMDAwMDAwMH0sInNjaGVtYV92ZXJzaW9uIjoiMSJ9",
          "dependencies": [
            "module.gke_cluster.google_container_cluster.this"
          ]
        }
      ]
    },
    {
      "module": "module.gke_cluster",
      "mode": "managed",
      "type": "local_file",
      "name": "kubeconfig",
      "provider": "provider[\"registry.terraform.io/hashicorp/local\"]",
      "instances": [
        {
          "schema_version": 0,
          "attributes": {
            "content": "apiVersion: v1\nclusters:\n- cluster:\n    certificate-authority-data: LS0tLS1CRUdJTiBDRVJUSUZJQ0FURS0tLS0tCk1JSUVMVENDQXBXZ0F3SUJBZ0lSQUxFK1MyblU0bGI1ZWpaSjJkVHg3dGt3RFFZSktvWklodmNOQVFFTEJRQXcKTHpFdE1Dc0dBMVVFQXhNa1kySTRabVkxTlRjdE5qRTNPUzAwWW1KaUxUZ3dNbUV0T0dSbU5HSTFaak16TmpWaQpNQ0FYRFRJek1EY3dNVEV3TXpnME5Gb1lEekl3TlRNd05qSXpNVEV6T0RRMFdqQXZNUzB3S3dZRFZRUURFeVJqCllqaG1aalUxTnkwMk1UYzVMVFJpWW1JdE9EQXlZUzA0WkdZMFlqVm1Nek0yTldJd2dnR2lNQTBHQ1NxR1NJYjMKRFFFQkFRVUFBNElCandBd2dnR0tBb0lCZ1FETkhtVFR5ZVBSeGFNdkRHRWJBTGRIQVNUS2tNTDFlMmFJM2dTWApUNmYxRXBkS0pSeUFwNksrKzEvdUxLNnd2TUYwQ1NQb0YrUmFMVExnQnFpRG10Uyt1aGtVLytvUUp3SjR6SmkxCnhBQTg5QlpIYzF0UDJlRjU1cEszbWQrOEtsR2g5RmNCMUp5SXh5cFlzQloxNHFqRmdoY0RsMjh3T0pqbkRHS1EKam1mTVVxbWVQRUVyN3h2NXVkSE8xZmY3cFFvK2c2SERLdTRCTmlVb3FDNFpybjZuY2p0TjBJSVU3MmIrRE1lWgoyVVREcjFDcmxCMVBkSGpZdkVjQlltUlExN3JpU0dydFFlbjRxK3RPc2tMd1ZuL3UxSG9sUVVtR1VSK3NSUDhNCkZsdjZmRit4em16REEzSGhrWE00ZkNEbnN0MUIvTjJFRlpxR29Udm4rMFlZZU5WSGhOM0FoYmd5aXhHRHJyUmoKeE9Zd0JudTdrV3c2Sm9zMkdEcGJvaXBMSGN5dmRLV2o4czZWNEpaREZVa1JUWXpLV1l0VEVmcThybzRyN0JvRAp0U1FsclRKZklUbzFFcGRqSW8zS05BTXNxQnZuNFVYTmJhdHd5ZG5mVkFNYzlQYXMvdmh0WWg3c1BDaTBMQVcwCkJJSjdiblFZSTRLK1g3b1gyM0ZkbTZveklYOENBd0VBQWFOQ01FQXdEZ1lEVlIwUEFRSC9CQVFEQWdJRU1BOEcKQTFVZEV3RUIvd1FGTUFNQkFmOHdIUVlEVlIwT0JCWUVGSGNIa1lwMXduOEFnOEVMMHlFb2ZWaWg2TFhxTUEwRwpDU3FHU0liM0RRRUJDd1VBQTRJQmdRQnZ1V0NmS0xPRStsZmFnaWxNNnNFOWtzTlBybFdSWFVmVnFUaDIvMks4CnhKZC9SOVdaWldnNXI5K1IzYzhDSEgzZFp0eEJKdGkwMUZHRG5iSW1ablh4Nm56TmMxc2dyVW5udHNxUVNzMEkKejRha0JVYmxiZ1V4Tk5IY2Z3U1R4QWViLzl2djlkSXNVVWtSd2NURy9VVWpNMkEyV3JQWWErQlMxZFR5eVlOSQpsUjZmSm9VZm9SMTRxUmxYbW1qWjBKN0V5MXNldWRhLzRqaG05YnRjTlA2Zmh0cGRsRnQrV280WkJLK3ZBZThyCjgycFFxUXhHY2tNd0tvTVdsZ1czU1FXRjNyTlN1T2VWNjRNbExKZVlXQXo2UW9VZVpWMnpVNm1pZ3hONkhyTkYKZkV3ZVZIMDJuVTJSNkNoaktPTThWRHF0SzlBbmluR0ZhU1M4RXF0QVorb2hiWGJmVzNmb0s0dHBCVEcxMTlFcApyWndnYnIrbHNtUFRVUnZGcisyaGhQUE5pdXRUUEZxbVNaNFZEb1RqY2xzOXczUlhJdVRIbHlzUzR0UVRKOUhZCnJXaTBvUVJ6WVV5dUtEWHhyTVk2dy92T1hITElYalR1Mmlvcjk5RG9HNVNsVUJRZi84WU5YK3MyRWZOQWFKTSsKWm9hd2M3eTVjUHJSdjZjdHFRYlAwamc9Ci0tLS0tRU5EIENFUlRJRklDQVRFLS0tLS0K\n    server: https://35.201.234.54\n  name: main\ncontexts:\n- context:\n    cluster: main\n    user: main\n  name: main\ncurrent-context: main\nkind: Config\npreferences: {}\nusers:\n- name: main\n  user:\n    token: ya29.a0AbVbY6NS4eVS6nhtsOmhGxixU03lFcrrM9uJO_V6JoMrbNl9YePrx3TvlqaQXa6gx7z2UOLs-LxgyQs7pB5KBYQITz2xJ59WXECEkK0PfolEHShiTK8C0yEJzIoC-aDZPB4xC2QRk1HrJsFzmEm8IlKWUJBYtAlLH6TmSk6FMFTmti8S0YNNa-trp3AqftR-3W9YPZdbJkkRscLlCo1QULrHqehNACdC1yKbxal8oRyg-m_-vFRkLagE7OD8WHAOsgJPtB1904LUOAyB4j6SA18NKHZLfHgmP-MHnymPSl94vvk-RX4T5tYEJcvP-1p2TyUgz6N13rzQlgqY7OKyj7t9xV8-V3mwKggNfjTBMDCzlWylgz256OXM7A4NOqYwbnFyFnSDWyztAMb46KCU4ppxDKoaCgYKAfYSARMSFQFWKvPlLyVqps-I_4Mh-ilX70cgwg0418\n",
            "content_base64": null,
            "content_base64sha256": "7AlaiSdiTfhjirStteJjV9UdU7ZJX9QAjLXwt3mpa7I=",
            "content_base64sha512": "CZ++B2qQUuBkdcFqfQSTSkC86Biadu+JaWCpTbOT6DdN+rqMCxaSx1UG4pMVg6mrSEWdZ5OkK8SKSnGsuA4lcw==",
            "content_md5": "850d178530dec3c1b38933f3d5254cc5",
            "content_sha1": "7653a62745bf99b30f77ec358ffca024c54414d2",
            "content_sha256": "ec095a8927624df8638ab4adb5e26357d51d53b6495fd4008cb5f0b779a96bb2",
            "content_sha512": "099fbe076a9052e06475c16a7d04934a40bce8189a76ef896960a94db393e8374dfaba8c0b1692c75506e2931583a9ab48459d6793a42bc48a4a71acb80e2573",
            "directory_permission": "0777",
            "file_permission": "0400",
            "filename": ".terraform/modules/gke_cluster/kubeconfig",
            "id": "7653a62745bf99b30f77ec358ffca024c54414d2",
            "sensitive_content": null,
            "source": null
          },
          "sensitive_attributes": [
            [
              {
                "type": "get_attr",
                "value": "content"
              }
            ]
          ],
          "dependencies": [
            "module.gke_cluster.google_container_cluster.this",
            "module.gke_cluster.module.gke_auth.data.google_client_config.provider",
            "module.gke_cluster.module.gke_auth.data.google_container_cluster.gke_cluster"
          ]
        }
      ]
    },
    {
      "module": "module.gke_cluster.module.gke_auth",
      "mode": "data",
      "type": "google_client_config",
      "name": "provider",
      "provider": "module.gke_cluster.provider[\"registry.terraform.io/hashicorp/google\"]",
      "instances": [
        {
          "schema_version": 0,
          "attributes": {
            "access_token": "ya29.a0AbVbY6NS4eVS6nhtsOmhGxixU03lFcrrM9uJO_V6JoMrbNl9YePrx3TvlqaQXa6gx7z2UOLs-LxgyQs7pB5KBYQITz2xJ59WXECEkK0PfolEHShiTK8C0yEJzIoC-aDZPB4xC2QRk1HrJsFzmEm8IlKWUJBYtAlLH6TmSk6FMFTmti8S0YNNa-trp3AqftR-3W9YPZdbJkkRscLlCo1QULrHqehNACdC1yKbxal8oRyg-m_-vFRkLagE7OD8WHAOsgJPtB1904LUOAyB4j6SA18NKHZLfHgmP-MHnymPSl94vvk-RX4T5tYEJcvP-1p2TyUgz6N13rzQlgqY7OKyj7t9xV8-V3mwKggNfjTBMDCzlWylgz256OXM7A4NOqYwbnFyFnSDWyztAMb46KCU4ppxDKoaCgYKAfYSARMSFQFWKvPlLyVqps-I_4Mh-ilX70cgwg0418",
            "id": "projects/kbot-389211/regions/asia-east1-a/zones/",
            "project": "kbot-389211",
            "region": "asia-east1-a",
            "zone": ""
          },
          "sensitive_attributes": []
        }
      ]
    },
    {
      "module": "module.gke_cluster.module.gke_auth",
      "mode": "data",
      "type": "google_container_cluster",
      "name": "gke_cluster",
      "provider": "module.gke_cluster.provider[\"registry.terraform.io/hashicorp/google\"]",
      "instances": [
        {
          "schema_version": 0,
          "attributes": {
            "addons_config": [
              {
                "cloudrun_config": [],
                "config_connector_config": [],
                "dns_cache_config": [],
                "gce_persistent_disk_csi_driver_config": [
                  {
                    "enabled": true
                  }
                ],
                "gcp_filestore_csi_driver_config": [],
                "gke_backup_agent_config": [],
                "horizontal_pod_autoscaling": [],
                "http_load_balancing": [],
                "network_policy_config": [
                  {
                    "disabled": true
                  }
                ]
              }
            ],
            "authenticator_groups_config": [],
            "binary_authorization": [
              {
                "enabled": false,
                "evaluation_mode": ""
              }
            ],
            "cluster_autoscaling": [
              {
                "auto_provisioning_defaults": [],
                "enabled": false,
                "resource_limits": []
              }
            ],
            "cluster_ipv4_cidr": "10.0.0.0/14",
            "confidential_nodes": [],
            "cost_management_config": [],
            "database_encryption": [
              {
                "key_name": "",
                "state": "DECRYPTED"
              }
            ],
            "datapath_provider": "",
            "default_max_pods_per_node": null,
            "default_snat_status": [
              {
                "disabled": false
              }
            ],
            "description": "",
            "dns_config": [],
            "enable_autopilot": false,
            "enable_binary_authorization": false,
            "enable_intranode_visibility": false,
            "enable_kubernetes_alpha": false,
            "enable_l4_ilb_subsetting": false,
            "enable_legacy_abac": false,
            "enable_shielded_nodes": true,
            "enable_tpu": false,
            "endpoint": "35.201.234.54",
            "gateway_api_config": [],
            "id": "projects/kbot-389211/locations/asia-east1-a/clusters/main",
            "initial_node_count": 1,
            "ip_allocation_policy": [],
            "label_fingerprint": "a9dc16a7",
            "location": "asia-east1-a",
            "logging_config": [
              {
                "enable_components": [
                  "SYSTEM_COMPONENTS",
                  "WORKLOADS"
                ]
              }
            ],
            "logging_service": "logging.googleapis.com/kubernetes",
            "maintenance_policy": [],
            "master_auth": [
              {
                "client_certificate": "",
                "client_certificate_config": [
                  {
                    "issue_client_certificate": false
                  }
                ],
                "client_key": "",
                "cluster_ca_certificate": "LS0tLS1CRUdJTiBDRVJUSUZJQ0FURS0tLS0tCk1JSUVMVENDQXBXZ0F3SUJBZ0lSQUxFK1MyblU0bGI1ZWpaSjJkVHg3dGt3RFFZSktvWklodmNOQVFFTEJRQXcKTHpFdE1Dc0dBMVVFQXhNa1kySTRabVkxTlRjdE5qRTNPUzAwWW1KaUxUZ3dNbUV0T0dSbU5HSTFaak16TmpWaQpNQ0FYRFRJek1EY3dNVEV3TXpnME5Gb1lEekl3TlRNd05qSXpNVEV6T0RRMFdqQXZNUzB3S3dZRFZRUURFeVJqCllqaG1aalUxTnkwMk1UYzVMVFJpWW1JdE9EQXlZUzA0WkdZMFlqVm1Nek0yTldJd2dnR2lNQTBHQ1NxR1NJYjMKRFFFQkFRVUFBNElCandBd2dnR0tBb0lCZ1FETkhtVFR5ZVBSeGFNdkRHRWJBTGRIQVNUS2tNTDFlMmFJM2dTWApUNmYxRXBkS0pSeUFwNksrKzEvdUxLNnd2TUYwQ1NQb0YrUmFMVExnQnFpRG10Uyt1aGtVLytvUUp3SjR6SmkxCnhBQTg5QlpIYzF0UDJlRjU1cEszbWQrOEtsR2g5RmNCMUp5SXh5cFlzQloxNHFqRmdoY0RsMjh3T0pqbkRHS1EKam1mTVVxbWVQRUVyN3h2NXVkSE8xZmY3cFFvK2c2SERLdTRCTmlVb3FDNFpybjZuY2p0TjBJSVU3MmIrRE1lWgoyVVREcjFDcmxCMVBkSGpZdkVjQlltUlExN3JpU0dydFFlbjRxK3RPc2tMd1ZuL3UxSG9sUVVtR1VSK3NSUDhNCkZsdjZmRit4em16REEzSGhrWE00ZkNEbnN0MUIvTjJFRlpxR29Udm4rMFlZZU5WSGhOM0FoYmd5aXhHRHJyUmoKeE9Zd0JudTdrV3c2Sm9zMkdEcGJvaXBMSGN5dmRLV2o4czZWNEpaREZVa1JUWXpLV1l0VEVmcThybzRyN0JvRAp0U1FsclRKZklUbzFFcGRqSW8zS05BTXNxQnZuNFVYTmJhdHd5ZG5mVkFNYzlQYXMvdmh0WWg3c1BDaTBMQVcwCkJJSjdiblFZSTRLK1g3b1gyM0ZkbTZveklYOENBd0VBQWFOQ01FQXdEZ1lEVlIwUEFRSC9CQVFEQWdJRU1BOEcKQTFVZEV3RUIvd1FGTUFNQkFmOHdIUVlEVlIwT0JCWUVGSGNIa1lwMXduOEFnOEVMMHlFb2ZWaWg2TFhxTUEwRwpDU3FHU0liM0RRRUJDd1VBQTRJQmdRQnZ1V0NmS0xPRStsZmFnaWxNNnNFOWtzTlBybFdSWFVmVnFUaDIvMks4CnhKZC9SOVdaWldnNXI5K1IzYzhDSEgzZFp0eEJKdGkwMUZHRG5iSW1ablh4Nm56TmMxc2dyVW5udHNxUVNzMEkKejRha0JVYmxiZ1V4Tk5IY2Z3U1R4QWViLzl2djlkSXNVVWtSd2NURy9VVWpNMkEyV3JQWWErQlMxZFR5eVlOSQpsUjZmSm9VZm9SMTRxUmxYbW1qWjBKN0V5MXNldWRhLzRqaG05YnRjTlA2Zmh0cGRsRnQrV280WkJLK3ZBZThyCjgycFFxUXhHY2tNd0tvTVdsZ1czU1FXRjNyTlN1T2VWNjRNbExKZVlXQXo2UW9VZVpWMnpVNm1pZ3hONkhyTkYKZkV3ZVZIMDJuVTJSNkNoaktPTThWRHF0SzlBbmluR0ZhU1M4RXF0QVorb2hiWGJmVzNmb0s0dHBCVEcxMTlFcApyWndnYnIrbHNtUFRVUnZGcisyaGhQUE5pdXRUUEZxbVNaNFZEb1RqY2xzOXczUlhJdVRIbHlzUzR0UVRKOUhZCnJXaTBvUVJ6WVV5dUtEWHhyTVk2dy92T1hITElYalR1Mmlvcjk5RG9HNVNsVUJRZi84WU5YK3MyRWZOQWFKTSsKWm9hd2M3eTVjUHJSdjZjdHFRYlAwamc9Ci0tLS0tRU5EIENFUlRJRklDQVRFLS0tLS0K"
              }
            ],
            "master_authorized_networks_config": [],
            "master_version": "1.25.8-gke.1000",
            "mesh_certificates": [],
            "min_master_version": null,
            "monitoring_config": [
              {
                "enable_components": [
                  "SYSTEM_COMPONENTS"
                ],
                "managed_prometheus": []
              }
            ],
            "monitoring_service": "monitoring.googleapis.com/kubernetes",
            "name": "main",
            "network": "projects/kbot-389211/global/networks/default",
            "network_policy": [
              {
                "enabled": false,
                "provider": "PROVIDER_UNSPECIFIED"
              }
            ],
            "networking_mode": "ROUTES",
            "node_config": [],
            "node_locations": [],
            "node_pool": [],
            "node_pool_defaults": [
              {
                "node_config_defaults": [
                  {
                    "logging_variant": "DEFAULT"
                  }
                ]
              }
            ],
            "node_version": "1.25.8-gke.1000",
            "notification_config": [
              {
                "pubsub": [
                  {
                    "enabled": false,
                    "filter": [],
                    "topic": ""
                  }
                ]
              }
            ],
            "operation": null,
            "private_cluster_config": [
              {
                "enable_private_endpoint": false,
                "enable_private_nodes": false,
                "master_global_access_config": [
                  {
                    "enabled": false
                  }
                ],
                "master_ipv4_cidr_block": "",
                "peering_name": "",
                "private_endpoint": "10.140.0.33",
                "private_endpoint_subnetwork": "",
                "public_endpoint": "35.201.234.54"
              }
            ],
            "private_ipv6_google_access": "",
            "project": "kbot-389211",
            "release_channel": [
              {
                "channel": "REGULAR"
              }
            ],
            "remove_default_node_pool": null,
            "resource_labels": {},
            "resource_usage_export_config": [],
            "self_link": "https://container.googleapis.com/v1/projects/kbot-389211/zones/asia-east1-a/clusters/main",
            "service_external_ips_config": [
              {
                "enabled": false
              }
            ],
            "services_ipv4_cidr": "10.3.240.0/20",
            "subnetwork": "projects/kbot-389211/regions/asia-east1/subnetworks/default",
            "tpu_ipv4_cidr_block": "",
            "vertical_pod_autoscaling": [],
            "workload_identity_config": [
              {
                "workload_pool": "kbot-389211.svc.id.goog"
              }
            ]
          },
          "sensitive_attributes": []
        }
      ]
    },
    {
      "module": "module.tls_private_key",
      "mode": "managed",
      "type": "tls_private_key",
      "name": "this",
      "provider": "provider[\"registry.terraform.io/hashicorp/tls\"]",
      "instances": [
        {
          "schema_version": 1,
          "attributes": {
            "algorithm": "ECDSA",
            "ecdsa_curve": "P256",
            "id": "de426d95ef1993efafe079a05cff900e7f2ace80",
            "private_key_openssh": "-----BEGIN OPENSSH PRIVATE KEY-----\nb3BlbnNzaC1rZXktdjEAAAAABG5vbmUAAAAEbm9uZQAAAAAAAAABAAAAaAAAABNl\nY2RzYS1zaGEyLW5pc3RwMjU2AAAACG5pc3RwMjU2AAAAQQQAtT8J9SYq6s+Pnw34\nmISD7IfqHuW2sJFcUMM0DdZRQGsQGIhSEs/Sk36bncF17LET65px+56Zc085JoiS\nZJMWAAAAmKiGAuGohgLhAAAAE2VjZHNhLXNoYTItbmlzdHAyNTYAAAAIbmlzdHAy\nNTYAAABBBAC1Pwn1Jirqz4+fDfiYhIPsh+oe5bawkVxQwzQN1lFAaxAYiFISz9KT\nfpudwXXssRPrmnH7nplzTzkmiJJkkxYAAAAgEriyi54+gLEo94dVNbAXmEGKxJAy\nt61oYPvOangBoMAAAAAA\n-----END OPENSSH PRIVATE KEY-----\n",
            "private_key_pem": "-----BEGIN EC PRIVATE KEY-----\nMHcCAQEEIBK4souePoCxKPeHVTWwF5hBisSQMretaGD7zmp4AaDAoAoGCCqGSM49\nAwEHoUQDQgAEALU/CfUmKurPj58N+JiEg+yH6h7ltrCRXFDDNA3WUUBrEBiIUhLP\n0pN+m53BdeyxE+uacfuemXNPOSaIkmSTFg==\n-----END EC PRIVATE KEY-----\n",
            "private_key_pem_pkcs8": "-----BEGIN PRIVATE KEY-----\nMIGHAgEAMBMGByqGSM49AgEGCCqGSM49AwEHBG0wawIBAQQgEriyi54+gLEo94dV\nNbAXmEGKxJAyt61oYPvOangBoMChRANCAAQAtT8J9SYq6s+Pnw34mISD7IfqHuW2\nsJFcUMM0DdZRQGsQGIhSEs/Sk36bncF17LET65px+56Zc085JoiSZJMW\n-----END PRIVATE KEY-----\n",
            "public_key_fingerprint_md5": "72:59:17:b1:cf:c0:cc:fa:65:75:90:1d:6b:a8:ea:14",
            "public_key_fingerprint_sha256": "SHA256:czno6v7MbxsBxUTZKTNxfR+7Qbpt28Z1gG4olhQpxBI",
            "public_key_openssh": "ecdsa-sha2-nistp256 AAAAE2VjZHNhLXNoYTItbmlzdHAyNTYAAAAIbmlzdHAyNTYAAABBBAC1Pwn1Jirqz4+fDfiYhIPsh+oe5bawkVxQwzQN1lFAaxAYiFISz9KTfpudwXXssRPrmnH7nplzTzkmiJJkkxY=\n",
            "public_key_pem": "-----BEGIN PUBLIC KEY-----\nMFkwEwYHKoZIzj0CAQYIKoZIzj0DAQcDQgAEALU/CfUmKurPj58N+JiEg+yH6h7l\ntrCRXFDDNA3WUUBrEBiIUhLP0pN+m53BdeyxE+uacfuemXNPOSaIkmSTFg==\n-----END PUBLIC KEY-----\n",
            "rsa_bits": 2048
          },
          "sensitive_attributes": []
        }
      ]
    }
  ],
  "check_results": null
}
